
Microsoft Visual Studio Solution File, Format Version 12.00
# Visual Studio Version 16
VisualStudioVersion = 16.0.32630.194
MinimumVisualStudioVersion = 10.0.40219.1
Project("{FAE04EC0-301F-11D3-BF4B-00C04F79EFBC}") = "Task1-25.08.2022", "Task1-25.08.2022\Task1-25.08.2022.csproj", "{5AEE1C69-00AC-4F6F-ACD2-D2BA9B870EF3}"
EndProject
Global
	GlobalSection(SolutionConfigurationPlatforms) = preSolution
		Debug|Any CPU = Debug|Any CPU
		Release|Any CPU = Release|Any CPU
	EndGlobalSection
	GlobalSection(ProjectConfigurationPlatforms) = postSolution
		{5AEE1C69-00AC-4F6F-ACD2-D2BA9B870EF3}.Debug|Any CPU.ActiveCfg = Debug|Any CPU
		{5AEE1C69-00AC-4F6F-ACD2-D2BA9B870EF3}.Debug|Any CPU.Build.0 = Debug|Any CPU
		{5AEE1C69-00AC-4F6F-ACD2-D2BA9B870EF3}.Release|Any CPU.ActiveCfg = Release|Any CPU
		{5AEE1C69-00AC-4F6F-ACD2-D2BA9B870EF3}.Release|Any CPU.Build.0 = Release|Any CPU
	EndGlobalSection
	GlobalSection(SolutionProperties) = preSolution
		HideSolutionNode = FALSE
	EndGlobalSection
	GlobalSection(ExtensibilityGlobals) = postSolution
		SolutionGuid = {183111F3-FBC4-4F09-BF47-AA8F538FC180}
	EndGlobalSection
EndGlobal
